
Microsoft Visual Studio Solution File, Format Version 12.00
# Visual Studio Version 16
VisualStudioVersion = 16.0.30413.136
MinimumVisualStudioVersion = 10.0.40219.1
Project("{9A19103F-16F7-4668-BE54-9A1E7A4F7556}") = "TestAngularCore", "TestAngularCore\TestAngularCore.csproj", "{70C7967A-E76F-4C09-A1F4-4505F34DA475}"
EndProject
Global
	GlobalSection(SolutionConfigurationPlatforms) = preSolution
		DEV|Any CPU = DEV|Any CPU
		PROD|Any CPU = PROD|Any CPU
		STAGING|Any CPU = STAGING|Any CPU
		TEST|Any CPU = TEST|Any CPU
	EndGlobalSection
	GlobalSection(ProjectConfigurationPlatforms) = postSolution
		{70C7967A-E76F-4C09-A1F4-4505F34DA475}.DEV|Any CPU.ActiveCfg = Debug|Any CPU
		{70C7967A-E76F-4C09-A1F4-4505F34DA475}.DEV|Any CPU.Build.0 = Debug|Any CPU
		{70C7967A-E76F-4C09-A1F4-4505F34DA475}.PROD|Any CPU.ActiveCfg = PROD|Any CPU
		{70C7967A-E76F-4C09-A1F4-4505F34DA475}.PROD|Any CPU.Build.0 = PROD|Any CPU
		{70C7967A-E76F-4C09-A1F4-4505F34DA475}.STAGING|Any CPU.ActiveCfg = Release|Any CPU
		{70C7967A-E76F-4C09-A1F4-4505F34DA475}.STAGING|Any CPU.Build.0 = Release|Any CPU
		{70C7967A-E76F-4C09-A1F4-4505F34DA475}.TEST|Any CPU.ActiveCfg = TEST|Any CPU
		{70C7967A-E76F-4C09-A1F4-4505F34DA475}.TEST|Any CPU.Build.0 = TEST|Any CPU
	EndGlobalSection
	GlobalSection(SolutionProperties) = preSolution
		HideSolutionNode = FALSE
	EndGlobalSection
	GlobalSection(ExtensibilityGlobals) = postSolution
		SolutionGuid = {8E1AF101-21E2-425D-AEC0-873D442C01A2}
	EndGlobalSection
EndGlobal
